
Microsoft Visual Studio Solution File, Format Version 12.00
# Visual Studio Version 17
VisualStudioVersion = 17.7.34024.191
MinimumVisualStudioVersion = 10.0.40219.1
Project("{8BC9CEB8-8B4A-11D0-8D11-00A0C91BC942}") = "Mandelbrot", "Mandelbrot.vcxproj", "{03A22172-8D87-46C2-84A7-9F5F8E44D6AA}"
EndProject
Global
	GlobalSection(SolutionConfigurationPlatforms) = preSolution
		Debug|x64 = Debug|x64
		Debug|x86 = Debug|x86
		Release|x64 = Release|x64
		Release|x86 = Release|x86
	EndGlobalSection
	GlobalSection(ProjectConfigurationPlatforms) = postSolution
		{03A22172-8D87-46C2-84A7-9F5F8E44D6AA}.Debug|x64.ActiveCfg = Debug|x64
		{03A22172-8D87-46C2-84A7-9F5F8E44D6AA}.Debug|x64.Build.0 = Debug|x64
		{03A22172-8D87-46C2-84A7-9F5F8E44D6AA}.Debug|x86.ActiveCfg = Debug|Win32
		{03A22172-8D87-46C2-84A7-9F5F8E44D6AA}.Debug|x86.Build.0 = Debug|Win32
		{03A22172-8D87-46C2-84A7-9F5F8E44D6AA}.Release|x64.ActiveCfg = Release|x64
		{03A22172-8D87-46C2-84A7-9F5F8E44D6AA}.Release|x64.Build.0 = Release|x64
		{03A22172-8D87-46C2-84A7-9F5F8E44D6AA}.Release|x86.ActiveCfg = Release|Win32
		{03A22172-8D87-46C2-84A7-9F5F8E44D6AA}.Release|x86.Build.0 = Release|Win32
	EndGlobalSection
	GlobalSection(SolutionProperties) = preSolution
		HideSolutionNode = FALSE
	EndGlobalSection
	GlobalSection(ExtensibilityGlobals) = postSolution
		SolutionGuid = {15AF1E7F-E77E-4A8C-BF7F-7D82B2062DF3}
	EndGlobalSection
EndGlobal
